{
  "name": "id0000138-Merge-Multiples-Microsoft-Word-or-OpenOffice-using-terminal",
  "lockfileVersion": 2,
  "requires": true,
  "packages": {
    "": {
      "name": "id0000138-Merge-Multiples-Microsoft-Word-or-OpenOffice-using-terminal",
      "dependencies": {
        "docx-builder": "^1.0.7"
      }
    },
    "node_modules/docx-builder": {
      "version": "1.0.7",
      "resolved": "https://registry.npmjs.org/docx-builder/-/docx-builder-1.0.7.tgz",
      "integrity": "sha512-8bwqUZkGxeKW6b+5gmHajvL5tlFUFErlBPUPYkgqx6lfMDxWCi+r8kTdmFXQyukpMSz8OpM6w0sKDsYwrnHRbg==",
      "dependencies": {
        "docxtemplater": "3.0.11",
        "jszip": "2.6.1"
      }
    },
    "node_modules/docxtemplater": {
      "version": "3.0.11",
      "resolved": "https://registry.npmjs.org/docxtemplater/-/docxtemplater-3.0.11.tgz",
      "integrity": "sha512-0OzkIIOqHxxUggVRpKdVdgomVmTWfuoLisFFSbo8WUQ82Ta05QYEi0f5rjBtCsqYpbgxMHuLBgTdGLTNwYIpiQ==",
      "dependencies": {
        "xmldom": "^0.1.27"
      },
      "bin": {
        "docxtemplater": "js/cli.js"
      },
      "engines": {
        "node": ">=0.10"
      }
    },
    "node_modules/jszip": {
      "version": "2.6.1",
      "resolved": "https://registry.npmjs.org/jszip/-/jszip-2.6.1.tgz",
      "integrity": "sha512-C4Z++nYQv+CudUkCWUdz+yKVhQiFJjuWSmRJ5Sg3d3/OzcJ6U4ooUYlmE3+rJXrVk89KWQaiJ9mPp/VLQ4D66g==",
      "dependencies": {
        "pako": "~1.0.2"
      }
    },
    "node_modules/pako": {
      "version": "1.0.11",
      "resolved": "https://registry.npmjs.org/pako/-/pako-1.0.11.tgz",
      "integrity": "sha512-4hLB8Py4zZce5s4yd9XzopqwVv/yGNhV1Bl8NTmCq1763HeK2+EwVTv+leGeL13Dnh2wfbqowVPXCIO0z4taYw=="
    },
    "node_modules/xmldom": {
      "version": "0.1.31",
      "resolved": "https://registry.npmjs.org/xmldom/-/xmldom-0.1.31.tgz",
      "integrity": "sha512-yS2uJflVQs6n+CyjHoaBmVSqIDevTAWrzMmjG1Gc7h1qQ7uVozNhEPJAwZXWyGQ/Gafo3fCwrcaokezLPupVyQ==",
      "deprecated": "Deprecated due to CVE-2021-21366 resolved in 0.5.0",
      "engines": {
        "node": ">=0.1"
      }
    }
  },
  "dependencies": {
    "docx-builder": {
      "version": "1.0.7",
      "resolved": "https://registry.npmjs.org/docx-builder/-/docx-builder-1.0.7.tgz",
      "integrity": "sha512-8bwqUZkGxeKW6b+5gmHajvL5tlFUFErlBPUPYkgqx6lfMDxWCi+r8kTdmFXQyukpMSz8OpM6w0sKDsYwrnHRbg==",
      "requires": {
        "docxtemplater": "3.0.11",
        "jszip": "2.6.1"
      }
    },
    "docxtemplater": {
      "version": "3.0.11",
      "resolved": "https://registry.npmjs.org/docxtemplater/-/docxtemplater-3.0.11.tgz",
      "integrity": "sha512-0OzkIIOqHxxUggVRpKdVdgomVmTWfuoLisFFSbo8WUQ82Ta05QYEi0f5rjBtCsqYpbgxMHuLBgTdGLTNwYIpiQ==",
      "requires": {
        "xmldom": "^0.1.27"
      }
    },
    "jszip": {
      "version": "2.6.1",
      "resolved": "https://registry.npmjs.org/jszip/-/jszip-2.6.1.tgz",
      "integrity": "sha512-C4Z++nYQv+CudUkCWUdz+yKVhQiFJjuWSmRJ5Sg3d3/OzcJ6U4ooUYlmE3+rJXrVk89KWQaiJ9mPp/VLQ4D66g==",
      "requires": {
        "pako": "~1.0.2"
      }
    },
    "pako": {
      "version": "1.0.11",
      "resolved": "https://registry.npmjs.org/pako/-/pako-1.0.11.tgz",
      "integrity": "sha512-4hLB8Py4zZce5s4yd9XzopqwVv/yGNhV1Bl8NTmCq1763HeK2+EwVTv+leGeL13Dnh2wfbqowVPXCIO0z4taYw=="
    },
    "xmldom": {
      "version": "0.1.31",
      "resolved": "https://registry.npmjs.org/xmldom/-/xmldom-0.1.31.tgz",
      "integrity": "sha512-yS2uJflVQs6n+CyjHoaBmVSqIDevTAWrzMmjG1Gc7h1qQ7uVozNhEPJAwZXWyGQ/Gafo3fCwrcaokezLPupVyQ=="
    }
  }
}
